
Microsoft Visual Studio Solution File, Format Version 12.00
# Visual Studio 15
VisualStudioVersion = 15.0.28307.271
MinimumVisualStudioVersion = 10.0.40219.1
Project("{FAE04EC0-301F-11D3-BF4B-00C04F79EFBC}") = "Senai.SpMedGroup.Manha", "Senai.SpMedGroup.Manha\Senai.SpMedGroup.Manha.csproj", "{C859FAD1-5A2B-4C8B-A19A-623F1D1892BF}"
EndProject
Global
	GlobalSection(SolutionConfigurationPlatforms) = preSolution
		Debug|Any CPU = Debug|Any CPU
		Release|Any CPU = Release|Any CPU
	EndGlobalSection
	GlobalSection(ProjectConfigurationPlatforms) = postSolution
		{C859FAD1-5A2B-4C8B-A19A-623F1D1892BF}.Debug|Any CPU.ActiveCfg = Debug|Any CPU
		{C859FAD1-5A2B-4C8B-A19A-623F1D1892BF}.Debug|Any CPU.Build.0 = Debug|Any CPU
		{C859FAD1-5A2B-4C8B-A19A-623F1D1892BF}.Release|Any CPU.ActiveCfg = Release|Any CPU
		{C859FAD1-5A2B-4C8B-A19A-623F1D1892BF}.Release|Any CPU.Build.0 = Release|Any CPU
	EndGlobalSection
	GlobalSection(SolutionProperties) = preSolution
		HideSolutionNode = FALSE
	EndGlobalSection
	GlobalSection(ExtensibilityGlobals) = postSolution
		SolutionGuid = {1FEDFE20-1E69-4506-AAE5-F2CB47A35FDD}
	EndGlobalSection
EndGlobal
